// !$*UTF8*$!
{
	archiveVersion = 1;
	classes = {
	};
	objectVersion = 46;
	objects = {

/* Begin PBXBuildFile section */
		E90899A7198AC9A100578975 /* Foundation.framework in Frameworks */ = {isa = PBXBuildFile; fileRef = E90899A6198AC9A100578975 /* Foundation.framework */; };
		E90899A9198AC9A100578975 /* CoreGraphics.framework in Frameworks */ = {isa = PBXBuildFile; fileRef = E90899A8198AC9A100578975 /* CoreGraphics.framework */; };
		E90899AB198AC9A100578975 /* UIKit.framework in Frameworks */ = {isa = PBXBuildFile; fileRef = E90899AA198AC9A100578975 /* UIKit.framework */; };
		E90899B1198AC9A100578975 /* InfoPlist.strings in Resources */ = {isa = PBXBuildFile; fileRef = E90899AF198AC9A100578975 /* InfoPlist.strings */; };
		E90899B3198AC9A100578975 /* main.m in Sources */ = {isa = PBXBuildFile; fileRef = E90899B2198AC9A100578975 /* main.m */; };
		E90899B7198AC9A100578975 /* XYZAppDelegate.m in Sources */ = {isa = PBXBuildFile; fileRef = E90899B6198AC9A100578975 /* XYZAppDelegate.m */; };
		E90899BA198AC9A100578975 /* Main_iPhone.storyboard in Resources */ = {isa = PBXBuildFile; fileRef = E90899B8198AC9A100578975 /* Main_iPhone.storyboard */; };
		E90899BD198AC9A100578975 /* Main_iPad.storyboard in Resources */ = {isa = PBXBuildFile; fileRef = E90899BB198AC9A100578975 /* Main_iPad.storyboard */; };
		E90899C0198AC9A100578975 /* XYZViewController.m in Sources */ = {isa = PBXBuildFile; fileRef = E90899BF198AC9A100578975 /* XYZViewController.m */; };
		E90899C2198AC9A100578975 /* Images.xcassets in Resources */ = {isa = PBXBuildFile; fileRef = E90899C1198AC9A100578975 /* Images.xcassets */; };
		E90899C9198AC9A100578975 /* XCTest.framework in Frameworks */ = {isa = PBXBuildFile; fileRef = E90899C8198AC9A100578975 /* XCTest.framework */; };
		E90899CA198AC9A100578975 /* Foundation.framework in Frameworks */ = {isa = PBXBuildFile; fileRef = E90899A6198AC9A100578975 /* Foundation.framework */; };
		E90899CB198AC9A100578975 /* UIKit.framework in Frameworks */ = {isa = PBXBuildFile; fileRef = E90899AA198AC9A100578975 /* UIKit.framework */; };
		E90899D3198AC9A100578975 /* InfoPlist.strings in Resources */ = {isa = PBXBuildFile; fileRef = E90899D1198AC9A100578975 /* InfoPlist.strings */; };
		E90899D5198AC9A100578975 /* Universal_GuideTests.m in Sources */ = {isa = PBXBuildFile; fileRef = E90899D4198AC9A100578975 /* Universal_GuideTests.m */; };
/* End PBXBuildFile section */

/* Begin PBXContainerItemProxy section */
		E90899CC198AC9A100578975 /* PBXContainerItemProxy */ = {
			isa = PBXContainerItemProxy;
			containerPortal = E908999B198AC9A100578975 /* Project object */;
			proxyType = 1;
			remoteGlobalIDString = E90899A2198AC9A100578975;
			remoteInfo = "Universal-Guide";
		};
/* End PBXContainerItemProxy section */

/* Begin PBXFileReference section */
		E90899A3198AC9A100578975 /* Universal-Guide.app */ = {isa = PBXFileReference; explicitFileType = wrapper.application; includeInIndex = 0; path = "Universal-Guide.app"; sourceTree = BUILT_PRODUCTS_DIR; };
		E90899A6198AC9A100578975 /* Foundation.framework */ = {isa = PBXFileReference; lastKnownFileType = wrapper.framework; name = Foundation.framework; path = System/Library/Frameworks/Foundation.framework; sourceTree = SDKROOT; };
		E90899A8198AC9A100578975 /* CoreGraphics.framework */ = {isa = PBXFileReference; lastKnownFileType = wrapper.framework; name = CoreGraphics.framework; path = System/Library/Frameworks/CoreGraphics.framework; sourceTree = SDKROOT; };
		E90899AA198AC9A100578975 /* UIKit.framework */ = {isa = PBXFileReference; lastKnownFileType = wrapper.framework; name = UIKit.framework; path = System/Library/Frameworks/UIKit.framework; sourceTree = SDKROOT; };
		E90899AE198AC9A100578975 /* Universal-Guide-Info.plist */ = {isa = PBXFileReference; lastKnownFileType = text.plist.xml; path = "Universal-Guide-Info.plist"; sourceTree = "<group>"; };
		E90899B0198AC9A100578975 /* en */ = {isa = PBXFileReference; lastKnownFileType = text.plist.strings; name = en; path = en.lproj/InfoPlist.strings; sourceTree = "<group>"; };
		E90899B2198AC9A100578975 /* main.m */ = {isa = PBXFileReference; lastKnownFileType = sourcecode.c.objc; path = main.m; sourceTree = "<group>"; };
		E90899B4198AC9A100578975 /* Universal-Guide-Prefix.pch */ = {isa = PBXFileReference; lastKnownFileType = sourcecode.c.h; path = "Universal-Guide-Prefix.pch"; sourceTree = "<group>"; };
		E90899B5198AC9A100578975 /* XYZAppDelegate.h */ = {isa = PBXFileReference; lastKnownFileType = sourcecode.c.h; path = XYZAppDelegate.h; sourceTree = "<group>"; };
		E90899B6198AC9A100578975 /* XYZAppDelegate.m */ = {isa = PBXFileReference; lastKnownFileType = sourcecode.c.objc; path = XYZAppDelegate.m; sourceTree = "<group>"; };
		E90899B9198AC9A100578975 /* Base */ = {isa = PBXFileReference; lastKnownFileType = file.storyboard; name = Base; path = Base.lproj/Main_iPhone.storyboard; sourceTree = "<group>"; };
		E90899BC198AC9A100578975 /* Base */ = {isa = PBXFileReference; lastKnownFileType = file.storyboard; name = Base; path = Base.lproj/Main_iPad.storyboard; sourceTree = "<group>"; };
		E90899BE198AC9A100578975 /* XYZViewController.h */ = {isa = PBXFileReference; lastKnownFileType = sourcecode.c.h; path = XYZViewController.h; sourceTree = "<group>"; };
		E90899BF198AC9A100578975 /* XYZViewController.m */ = {isa = PBXFileReference; lastKnownFileType = sourcecode.c.objc; path = XYZViewController.m; sourceTree = "<group>"; };
		E90899C1198AC9A100578975 /* Images.xcassets */ = {isa = PBXFileReference; lastKnownFileType = folder.assetcatalog; path = Images.xcassets; sourceTree = "<group>"; };
		E90899C7198AC9A100578975 /* Universal-GuideTests.xctest */ = {isa = PBXFileReference; explicitFileType = wrapper.cfbundle; includeInIndex = 0; path = "Universal-GuideTests.xctest"; sourceTree = BUILT_PRODUCTS_DIR; };
		E90899C8198AC9A100578975 /* XCTest.framework */ = {isa = PBXFileReference; lastKnownFileType = wrapper.framework; name = XCTest.framework; path = Library/Frameworks/XCTest.framework; sourceTree = DEVELOPER_DIR; };
		E90899D0198AC9A100578975 /* Universal-GuideTests-Info.plist */ = {isa = PBXFileReference; lastKnownFileType = text.plist.xml; path = "Universal-GuideTests-Info.plist"; sourceTree = "<group>"; };
		E90899D2198AC9A100578975 /* en */ = {isa = PBXFileReference; lastKnownFileType = text.plist.strings; name = en; path = en.lproj/InfoPlist.strings; sourceTree = "<group>"; };
		E90899D4198AC9A100578975 /* Universal_GuideTests.m */ = {isa = PBXFileReference; lastKnownFileType = sourcecode.c.objc; path = Universal_GuideTests.m; sourceTree = "<group>"; };
/* End PBXFileReference section */

/* Begin PBXFrameworksBuildPhase section */
		E90899A0198AC9A100578975 /* Frameworks */ = {
			isa = PBXFrameworksBuildPhase;
			buildActionMask = 2147483647;
			files = (
				E90899A9198AC9A100578975 /* CoreGraphics.framework in Frameworks */,
				E90899AB198AC9A100578975 /* UIKit.framework in Frameworks */,
				E90899A7198AC9A100578975 /* Foundation.framework in Frameworks */,
			);
			runOnlyForDeploymentPostprocessing = 0;
		};
		E90899C4198AC9A100578975 /* Frameworks */ = {
			isa = PBXFrameworksBuildPhase;
			buildActionMask = 2147483647;
			files = (
				E90899C9198AC9A100578975 /* XCTest.framework in Frameworks */,
				E90899CB198AC9A100578975 /* UIKit.framework in Frameworks */,
				E90899CA198AC9A100578975 /* Foundation.framework in Frameworks */,
			);
			runOnlyForDeploymentPostprocessing = 0;
		};
/* End PBXFrameworksBuildPhase section */

/* Begin PBXGroup section */
		E908999A198AC9A100578975 = {
			isa = PBXGroup;
			children = (
				E90899AC198AC9A100578975 /* Universal-Guide */,
				E90899CE198AC9A100578975 /* Universal-GuideTests */,
				E90899A5198AC9A100578975 /* Frameworks */,
				E90899A4198AC9A100578975 /* Products */,
			);
			sourceTree = "<group>";
		};
		E90899A4198AC9A100578975 /* Products */ = {
			isa = PBXGroup;
			children = (
				E90899A3198AC9A100578975 /* Universal-Guide.app */,
				E90899C7198AC9A100578975 /* Universal-GuideTests.xctest */,
			);
			name = Products;
			sourceTree = "<group>";
		};
		E90899A5198AC9A100578975 /* Frameworks */ = {
			isa = PBXGroup;
			children = (
				E90899A6198AC9A100578975 /* Foundation.framework */,
				E90899A8198AC9A100578975 /* CoreGraphics.framework */,
				E90899AA198AC9A100578975 /* UIKit.framework */,
				E90899C8198AC9A100578975 /* XCTest.framework */,
			);
			name = Frameworks;
			sourceTree = "<group>";
		};
		E90899AC198AC9A100578975 /* Universal-Guide */ = {
			isa = PBXGroup;
			children = (
				E90899B5198AC9A100578975 /* XYZAppDelegate.h */,
				E90899B6198AC9A100578975 /* XYZAppDelegate.m */,
				E90899B8198AC9A100578975 /* Main_iPhone.storyboard */,
				E90899BB198AC9A100578975 /* Main_iPad.storyboard */,
				E90899BE198AC9A100578975 /* XYZViewController.h */,
				E90899BF198AC9A100578975 /* XYZViewController.m */,
				E90899C1198AC9A100578975 /* Images.xcassets */,
				E90899AD198AC9A100578975 /* Supporting Files */,
			);
			path = "Universal-Guide";
			sourceTree = "<group>";
		};
		E90899AD198AC9A100578975 /* Supporting Files */ = {
			isa = PBXGroup;
			children = (
				E90899AE198AC9A100578975 /* Universal-Guide-Info.plist */,
				E90899AF198AC9A100578975 /* InfoPlist.strings */,
				E90899B2198AC9A100578975 /* main.m */,
				E90899B4198AC9A100578975 /* Universal-Guide-Prefix.pch */,
			);
			name = "Supporting Files";
			sourceTree = "<group>";
		};
		E90899CE198AC9A100578975 /* Universal-GuideTests */ = {
			isa = PBXGroup;
			children = (
				E90899D4198AC9A100578975 /* Universal_GuideTests.m */,
				E90899CF198AC9A100578975 /* Supporting Files */,
			);
			path = "Universal-GuideTests";
			sourceTree = "<group>";
		};
		E90899CF198AC9A100578975 /* Supporting Files */ = {
			isa = PBXGroup;
			children = (
				E90899D0198AC9A100578975 /* Universal-GuideTests-Info.plist */,
				E90899D1198AC9A100578975 /* InfoPlist.strings */,
			);
			name = "Supporting Files";
			sourceTree = "<group>";
		};
/* End PBXGroup section */

/* Begin PBXNativeTarget section */
		E90899A2198AC9A100578975 /* Universal-Guide */ = {
			isa = PBXNativeTarget;
			buildConfigurationList = E90899D8198AC9A100578975 /* Build configuration list for PBXNativeTarget "Universal-Guide" */;
			buildPhases = (
				E908999F198AC9A100578975 /* Sources */,
				E90899A0198AC9A100578975 /* Frameworks */,
				E90899A1198AC9A100578975 /* Resources */,
			);
			buildRules = (
			);
			dependencies = (
			);
			name = "Universal-Guide";
			productName = "Universal-Guide";
			productReference = E90899A3198AC9A100578975 /* Universal-Guide.app */;
			productType = "com.apple.product-type.application";
		};
		E90899C6198AC9A100578975 /* Universal-GuideTests */ = {
			isa = PBXNativeTarget;
			buildConfigurationList = E90899DB198AC9A100578975 /* Build configuration list for PBXNativeTarget "Universal-GuideTests" */;
			buildPhases = (
				E90899C3198AC9A100578975 /* Sources */,
				E90899C4198AC9A100578975 /* Frameworks */,
				E90899C5198AC9A100578975 /* Resources */,
			);
			buildRules = (
			);
			dependencies = (
				E90899CD198AC9A100578975 /* PBXTargetDependency */,
			);
			name = "Universal-GuideTests";
			productName = "Universal-GuideTests";
			productReference = E90899C7198AC9A100578975 /* Universal-GuideTests.xctest */;
			productType = "com.apple.product-type.bundle.unit-test";
		};
/* End PBXNativeTarget section */

/* Begin PBXProject section */
		E908999B198AC9A100578975 /* Project object */ = {
			isa = PBXProject;
			attributes = {
				CLASSPREFIX = XYZ;
				LastUpgradeCheck = 0510;
				ORGANIZATIONNAME = UNMPRC;
				TargetAttributes = {
					E90899C6198AC9A100578975 = {
						TestTargetID = E90899A2198AC9A100578975;
					};
				};
			};
			buildConfigurationList = E908999E198AC9A100578975 /* Build configuration list for PBXProject "Universal-Guide" */;
			compatibilityVersion = "Xcode 3.2";
			developmentRegion = English;
			hasScannedForEncodings = 0;
			knownRegions = (
				en,
				Base,
			);
			mainGroup = E908999A198AC9A100578975;
			productRefGroup = E90899A4198AC9A100578975 /* Products */;
			projectDirPath = "";
			projectRoot = "";
			targets = (
				E90899A2198AC9A100578975 /* Universal-Guide */,
				E90899C6198AC9A100578975 /* Universal-GuideTests */,
			);
		};
/* End PBXProject section */

/* Begin PBXResourcesBuildPhase section */
		E90899A1198AC9A100578975 /* Resources */ = {
			isa = PBXResourcesBuildPhase;
			buildActionMask = 2147483647;
			files = (
				E90899BD198AC9A100578975 /* Main_iPad.storyboard in Resources */,
				E90899C2198AC9A100578975 /* Images.xcassets in Resources */,
				E90899BA198AC9A100578975 /* Main_iPhone.storyboard in Resources */,
				E90899B1198AC9A100578975 /* InfoPlist.strings in Resources */,
			);
			runOnlyForDeploymentPostprocessing = 0;
		};
		E90899C5198AC9A100578975 /* Resources */ = {
			isa = PBXResourcesBuildPhase;
			buildActionMask = 2147483647;
			files = (
				E90899D3198AC9A100578975 /* InfoPlist.strings in Resources */,
			);
			runOnlyForDeploymentPostprocessing = 0;
		};
/* End PBXResourcesBuildPhase section */

/* Begin PBXSourcesBuildPhase section */
		E908999F198AC9A100578975 /* Sources */ = {
			isa = PBXSourcesBuildPhase;
			buildActionMask = 2147483647;
			files = (
				E90899C0198AC9A100578975 /* XYZViewController.m in Sources */,
				E90899B7198AC9A100578975 /* XYZAppDelegate.m in Sources */,
				E90899B3198AC9A100578975 /* main.m in Sources */,
			);
			runOnlyForDeploymentPostprocessing = 0;
		};
		E90899C3198AC9A100578975 /* Sources */ = {
			isa = PBXSourcesBuildPhase;
			buildActionMask = 2147483647;
			files = (
				E90899D5198AC9A100578975 /* Universal_GuideTests.m in Sources */,
			);
			runOnlyForDeploymentPostprocessing = 0;
		};
/* End PBXSourcesBuildPhase section */

/* Begin PBXTargetDependency section */
		E90899CD198AC9A100578975 /* PBXTargetDependency */ = {
			isa = PBXTargetDependency;
			target = E90899A2198AC9A100578975 /* Universal-Guide */;
			targetProxy = E90899CC198AC9A100578975 /* PBXContainerItemProxy */;
		};
/* End PBXTargetDependency section */

/* Begin PBXVariantGroup section */
		E90899AF198AC9A100578975 /* InfoPlist.strings */ = {
			isa = PBXVariantGroup;
			children = (
				E90899B0198AC9A100578975 /* en */,
			);
			name = InfoPlist.strings;
			sourceTree = "<group>";
		};
		E90899B8198AC9A100578975 /* Main_iPhone.storyboard */ = {
			isa = PBXVariantGroup;
			children = (
				E90899B9198AC9A100578975 /* Base */,
			);
			name = Main_iPhone.storyboard;
			sourceTree = "<group>";
		};
		E90899BB198AC9A100578975 /* Main_iPad.storyboard */ = {
			isa = PBXVariantGroup;
			children = (
				E90899BC198AC9A100578975 /* Base */,
			);
			name = Main_iPad.storyboard;
			sourceTree = "<group>";
		};
		E90899D1198AC9A100578975 /* InfoPlist.strings */ = {
			isa = PBXVariantGroup;
			children = (
				E90899D2198AC9A100578975 /* en */,
			);
			name = InfoPlist.strings;
			sourceTree = "<group>";
		};
/* End PBXVariantGroup section */

/* Begin XCBuildConfiguration section */
		E90899D6198AC9A100578975 /* Debug */ = {
			isa = XCBuildConfiguration;
			buildSettings = {
				ALWAYS_SEARCH_USER_PATHS = NO;
				CLANG_CXX_LANGUAGE_STANDARD = "gnu++0x";
				CLANG_CXX_LIBRARY = "libc++";
				CLANG_ENABLE_MODULES = YES;
				CLANG_ENABLE_OBJC_ARC = YES;
				CLANG_WARN_BOOL_CONVERSION = YES;
				CLANG_WARN_CONSTANT_CONVERSION = YES;
				CLANG_WARN_DIRECT_OBJC_ISA_USAGE = YES_ERROR;
				CLANG_WARN_EMPTY_BODY = YES;
				CLANG_WARN_ENUM_CONVERSION = YES;
				CLANG_WARN_INT_CONVERSION = YES;
				CLANG_WARN_OBJC_ROOT_CLASS = YES_ERROR;
				CLANG_WARN__DUPLICATE_METHOD_MATCH = YES;
				"CODE_SIGN_IDENTITY[sdk=iphoneos*]" = "iPhone Developer";
				COPY_PHASE_STRIP = NO;
				GCC_C_LANGUAGE_STANDARD = gnu99;
				GCC_DYNAMIC_NO_PIC = NO;
				GCC_OPTIMIZATION_LEVEL = 0;
				GCC_PREPROCESSOR_DEFINITIONS = (
					"DEBUG=1",
					"$(inherited)",
				);
				GCC_SYMBOLS_PRIVATE_EXTERN = NO;
				GCC_WARN_64_TO_32_BIT_CONVERSION = YES;
				GCC_WARN_ABOUT_RETURN_TYPE = YES_ERROR;
				GCC_WARN_UNDECLARED_SELECTOR = YES;
				GCC_WARN_UNINITIALIZED_AUTOS = YES_AGGRESSIVE;
				GCC_WARN_UNUSED_FUNCTION = YES;
				GCC_WARN_UNUSED_VARIABLE = YES;
				IPHONEOS_DEPLOYMENT_TARGET = 7.1;
				ONLY_ACTIVE_ARCH = YES;
				SDKROOT = iphoneos;
				TARGETED_DEVICE_FAMILY = "1,2";
			};
			name = Debug;
		};
		E90899D7198AC9A100578975 /* Release */ = {
			isa = XCBuildConfiguration;
			buildSettings = {
				ALWAYS_SEARCH_USER_PATHS = NO;
				CLANG_CXX_LANGUAGE_STANDARD = "gnu++0x";
				CLANG_CXX_LIBRARY = "libc++";
				CLANG_ENABLE_MODULES = YES;
				CLANG_ENABLE_OBJC_ARC = YES;
				CLANG_WARN_BOOL_CONVERSION = YES;
				CLANG_WARN_CONSTANT_CONVERSION = YES;
				CLANG_WARN_DIRECT_OBJC_ISA_USAGE = YES_ERROR;
				CLANG_WARN_EMPTY_BODY = YES;
				CLANG_WARN_ENUM_CONVERSION = YES;
				CLANG_WARN_INT_CONVERSION = YES;
				CLANG_WARN_OBJC_ROOT_CLASS = YES_ERROR;
				CLANG_WARN__DUPLICATE_METHOD_MATCH = YES;
				"CODE_SIGN_IDENTITY[sdk=iphoneos*]" = "iPhone Developer";
				COPY_PHASE_STRIP = YES;
				ENABLE_NS_ASSERTIONS = NO;
				GCC_C_LANGUAGE_STANDARD = gnu99;
				GCC_WARN_64_TO_32_BIT_CONVERSION = YES;
				GCC_WARN_ABOUT_RETURN_TYPE = YES_ERROR;
				GCC_WARN_UNDECLARED_SELECTOR = YES;
				GCC_WARN_UNINITIALIZED_AUTOS = YES_AGGRESSIVE;
				GCC_WARN_UNUSED_FUNCTION = YES;
				GCC_WARN_UNUSED_VARIABLE = YES;
				IPHONEOS_DEPLOYMENT_TARGET = 7.1;
				SDKROOT = iphoneos;
				TARGETED_DEVICE_FAMILY = "1,2";
				VALIDATE_PRODUCT = YES;
			};
			name = Release;
		};
		E90899D9198AC9A100578975 /* Debug */ = {
			isa = XCBuildConfiguration;
			buildSettings = {
				ASSETCATALOG_COMPILER_APPICON_NAME = AppIcon;
				ASSETCATALOG_COMPILER_LAUNCHIMAGE_NAME = LaunchImage;
				GCC_PRECOMPILE_PREFIX_HEADER = YES;
				GCC_PREFIX_HEADER = "Universal-Guide/Universal-Guide-Prefix.pch";
				INFOPLIST_FILE = "Universal-Guide/Universal-Guide-Info.plist";
				PRODUCT_NAME = "$(TARGET_NAME)";
				WRAPPER_EXTENSION = app;
			};
			name = Debug;
		};
		E90899DA198AC9A100578975 /* Release */ = {
			isa = XCBuildConfiguration;
			buildSettings = {
				ASSETCATALOG_COMPILER_APPICON_NAME = AppIcon;
				ASSETCATALOG_COMPILER_LAUNCHIMAGE_NAME = LaunchImage;
				GCC_PRECOMPILE_PREFIX_HEADER = YES;
				GCC_PREFIX_HEADER = "Universal-Guide/Universal-Guide-Prefix.pch";
				INFOPLIST_FILE = "Universal-Guide/Universal-Guide-Info.plist";
				PRODUCT_NAME = "$(TARGET_NAME)";
				WRAPPER_EXTENSION = app;
			};
			name = Release;
		};
		E90899DC198AC9A100578975 /* Debug */ = {
			isa = XCBuildConfiguration;
			buildSettings = {
				BUNDLE_LOADER = "$(BUILT_PRODUCTS_DIR)/Universal-Guide.app/Universal-Guide";
				FRAMEWORK_SEARCH_PATHS = (
					"$(SDKROOT)/Developer/Library/Frameworks",
					"$(inherited)",
					"$(DEVELOPER_FRAMEWORKS_DIR)",
				);
				GCC_PRECOMPILE_PREFIX_HEADER = YES;
				GCC_PREFIX_HEADER = "Universal-Guide/Universal-Guide-Prefix.pch";
				GCC_PREPROCESSOR_DEFINITIONS = (
					"DEBUG=1",
					"$(inherited)",
				);
				INFOPLIST_FILE = "Universal-GuideTests/Universal-GuideTests-Info.plist";
				PRODUCT_NAME = "$(TARGET_NAME)";
				TEST_HOST = "$(BUNDLE_LOADER)";
				WRAPPER_EXTENSION = xctest;
			};
			name = Debug;
		};
		E90899DD198AC9A100578975 /* Release */ = {
			isa = XCBuildConfiguration;
			buildSettings = {
				BUNDLE_LOADER = "$(BUILT_PRODUCTS_DIR)/Universal-Guide.app/Universal-Guide";
				FRAMEWORK_SEARCH_PATHS = (
					"$(SDKROOT)/Developer/Library/Frameworks",
					"$(inherited)",
					"$(DEVELOPER_FRAMEWORKS_DIR)",
				);
				GCC_PRECOMPILE_PREFIX_HEADER = YES;
				GCC_PREFIX_HEADER = "Universal-Guide/Universal-Guide-Prefix.pch";
				INFOPLIST_FILE = "Universal-GuideTests/Universal-GuideTests-Info.plist";
				PRODUCT_NAME = "$(TARGET_NAME)";
				TEST_HOST = "$(BUNDLE_LOADER)";
				WRAPPER_EXTENSION = xctest;
			};
			name = Release;
		};
/* End XCBuildConfiguration section */

/* Begin XCConfigurationList section */
		E908999E198AC9A100578975 /* Build configuration list for PBXProject "Universal-Guide" */ = {
			isa = XCConfigurationList;
			buildConfigurations = (
				E90899D6198AC9A100578975 /* Debug */,
				E90899D7198AC9A100578975 /* Release */,
			);
			defaultConfigurationIsVisible = 0;
			defaultConfigurationName = Release;
		};
		E90899D8198AC9A100578975 /* Build configuration list for PBXNativeTarget "Universal-Guide" */ = {
			isa = XCConfigurationList;
			buildConfigurations = (
				E90899D9198AC9A100578975 /* Debug */,
				E90899DA198AC9A100578975 /* Release */,
			);
			defaultConfigurationIsVisible = 0;
		};
		E90899DB198AC9A100578975 /* Build configuration list for PBXNativeTarget "Universal-GuideTests" */ = {
			isa = XCConfigurationList;
			buildConfigurations = (
				E90899DC198AC9A100578975 /* Debug */,
				E90899DD198AC9A100578975 /* Release */,
			);
			defaultConfigurationIsVisible = 0;
		};
/* End XCConfigurationList section */
	};
	rootObject = E908999B198AC9A100578975 /* Project object */;
}
